
Microsoft Visual Studio Solution File, Format Version 12.00
# Visual Studio Version 16
VisualStudioVersion = 16.0.29102.190
MinimumVisualStudioVersion = 10.0.40219.1
Project("{FAE04EC0-301F-11D3-BF4B-00C04F79EFBC}") = "core-microservice-backend", "core-microservice-backend.csproj", "{01BCCB72-AD7E-49A8-9D18-38A107BB64A2}"
EndProject
Global
	GlobalSection(SolutionConfigurationPlatforms) = preSolution
		Debug|Any CPU = Debug|Any CPU
		Release|Any CPU = Release|Any CPU
	EndGlobalSection
	GlobalSection(ProjectConfigurationPlatforms) = postSolution
		{01BCCB72-AD7E-49A8-9D18-38A107BB64A2}.Debug|Any CPU.ActiveCfg = Debug|Any CPU
		{01BCCB72-AD7E-49A8-9D18-38A107BB64A2}.Debug|Any CPU.Build.0 = Debug|Any CPU
		{01BCCB72-AD7E-49A8-9D18-38A107BB64A2}.Release|Any CPU.ActiveCfg = Release|Any CPU
		{01BCCB72-AD7E-49A8-9D18-38A107BB64A2}.Release|Any CPU.Build.0 = Release|Any CPU
	EndGlobalSection
	GlobalSection(SolutionProperties) = preSolution
		HideSolutionNode = FALSE
	EndGlobalSection
	GlobalSection(ExtensibilityGlobals) = postSolution
		SolutionGuid = {C73C21F7-0F2E-42EF-B764-3415D2D1CEE2}
	EndGlobalSection
EndGlobal
